<Solution>
  <Folder Name="/src/">
    <Project Path="src/ShieldCommander.Core/ShieldCommander.Core.csproj"/>
    <Project Path="src/ShieldCommander.UI/ShieldCommander.UI.csproj"/>
  </Folder>
  <Folder Name="/tests/">
    <Project Path="src/ShieldCommander.Core.Tests/ShieldCommander.Core.Tests.csproj"/>
  </Folder>
</Solution>
